
Microsoft Visual Studio Solution File, Format Version 12.00
# Visual Studio 15
VisualStudioVersion = 15.0.28307.572
MinimumVisualStudioVersion = 10.0.40219.1
Project("{FAE04EC0-301F-11D3-BF4B-00C04F79EFBC}") = "WebApplication3", "WebApplication3\WebApplication3.csproj", "{32C75BD4-0C53-46D1-95F9-84E6CBDFC1B5}"
EndProject
Global
	GlobalSection(SolutionConfigurationPlatforms) = preSolution
		Debug|Any CPU = Debug|Any CPU
		Release|Any CPU = Release|Any CPU
	EndGlobalSection
	GlobalSection(ProjectConfigurationPlatforms) = postSolution
		{32C75BD4-0C53-46D1-95F9-84E6CBDFC1B5}.Debug|Any CPU.ActiveCfg = Debug|Any CPU
		{32C75BD4-0C53-46D1-95F9-84E6CBDFC1B5}.Debug|Any CPU.Build.0 = Debug|Any CPU
		{32C75BD4-0C53-46D1-95F9-84E6CBDFC1B5}.Release|Any CPU.ActiveCfg = Release|Any CPU
		{32C75BD4-0C53-46D1-95F9-84E6CBDFC1B5}.Release|Any CPU.Build.0 = Release|Any CPU
	EndGlobalSection
	GlobalSection(SolutionProperties) = preSolution
		HideSolutionNode = FALSE
	EndGlobalSection
	GlobalSection(ExtensibilityGlobals) = postSolution
		SolutionGuid = {CD714676-93D4-41A8-BB01-C3A33A31390D}
	EndGlobalSection
EndGlobal
