
Microsoft Visual Studio Solution File, Format Version 12.00
# Visual Studio 15
VisualStudioVersion = 15.0.28307.572
MinimumVisualStudioVersion = 10.0.40219.1
Project("{FAE04EC0-301F-11D3-BF4B-00C04F79EFBC}") = "laboratorinis4", "laboratorinis4\laboratorinis4.csproj", "{D01C6D4A-E8E5-40DE-8938-89B31ED525DC}"
EndProject
Global
	GlobalSection(SolutionConfigurationPlatforms) = preSolution
		Debug|Any CPU = Debug|Any CPU
		Release|Any CPU = Release|Any CPU
	EndGlobalSection
	GlobalSection(ProjectConfigurationPlatforms) = postSolution
		{D01C6D4A-E8E5-40DE-8938-89B31ED525DC}.Debug|Any CPU.ActiveCfg = Debug|Any CPU
		{D01C6D4A-E8E5-40DE-8938-89B31ED525DC}.Debug|Any CPU.Build.0 = Debug|Any CPU
		{D01C6D4A-E8E5-40DE-8938-89B31ED525DC}.Release|Any CPU.ActiveCfg = Release|Any CPU
		{D01C6D4A-E8E5-40DE-8938-89B31ED525DC}.Release|Any CPU.Build.0 = Release|Any CPU
	EndGlobalSection
	GlobalSection(SolutionProperties) = preSolution
		HideSolutionNode = FALSE
	EndGlobalSection
	GlobalSection(ExtensibilityGlobals) = postSolution
		SolutionGuid = {902184CF-9915-4918-8410-A2E81FF7CB92}
	EndGlobalSection
EndGlobal
